
Microsoft Visual Studio Solution File, Format Version 12.00
# Visual Studio Version 16
VisualStudioVersion = 16.0.30711.63
MinimumVisualStudioVersion = 10.0.40219.1
Project("{FAE04EC0-301F-11D3-BF4B-00C04F79EFBC}") = "Phone Book", "Phone Book\Phone Book.csproj", "{68A807BE-A509-4297-A8EB-B7EFACF010F8}"
EndProject
Global
	GlobalSection(SolutionConfigurationPlatforms) = preSolution
		Debug|Any CPU = Debug|Any CPU
		Release|Any CPU = Release|Any CPU
	EndGlobalSection
	GlobalSection(ProjectConfigurationPlatforms) = postSolution
		{68A807BE-A509-4297-A8EB-B7EFACF010F8}.Debug|Any CPU.ActiveCfg = Debug|Any CPU
		{68A807BE-A509-4297-A8EB-B7EFACF010F8}.Debug|Any CPU.Build.0 = Debug|Any CPU
		{68A807BE-A509-4297-A8EB-B7EFACF010F8}.Release|Any CPU.ActiveCfg = Release|Any CPU
		{68A807BE-A509-4297-A8EB-B7EFACF010F8}.Release|Any CPU.Build.0 = Release|Any CPU
	EndGlobalSection
	GlobalSection(SolutionProperties) = preSolution
		HideSolutionNode = FALSE
	EndGlobalSection
	GlobalSection(ExtensibilityGlobals) = postSolution
		SolutionGuid = {B8CB4B1D-0448-4948-9745-78382EC3B830}
	EndGlobalSection
EndGlobal
